
Microsoft Visual Studio Solution File, Format Version 12.00
# Visual Studio Version 16
VisualStudioVersion = 16.0.31129.286
MinimumVisualStudioVersion = 10.0.40219.1
Project("{9A19103F-16F7-4668-BE54-9A1E7A4F7556}") = "WebLQ", "WebLQ\WebLQ.csproj", "{D4F7BCEA-0979-44D5-B893-A4E8216F3EB7}"
EndProject
Global
	GlobalSection(SolutionConfigurationPlatforms) = preSolution
		Debug|Any CPU = Debug|Any CPU
		Release|Any CPU = Release|Any CPU
	EndGlobalSection
	GlobalSection(ProjectConfigurationPlatforms) = postSolution
		{D4F7BCEA-0979-44D5-B893-A4E8216F3EB7}.Debug|Any CPU.ActiveCfg = Debug|Any CPU
		{D4F7BCEA-0979-44D5-B893-A4E8216F3EB7}.Debug|Any CPU.Build.0 = Debug|Any CPU
		{D4F7BCEA-0979-44D5-B893-A4E8216F3EB7}.Release|Any CPU.ActiveCfg = Release|Any CPU
		{D4F7BCEA-0979-44D5-B893-A4E8216F3EB7}.Release|Any CPU.Build.0 = Release|Any CPU
	EndGlobalSection
	GlobalSection(SolutionProperties) = preSolution
		HideSolutionNode = FALSE
	EndGlobalSection
	GlobalSection(ExtensibilityGlobals) = postSolution
		SolutionGuid = {9B0A9192-0B44-4273-90AC-93DE24DAF912}
	EndGlobalSection
EndGlobal
